// !$*UTF8*$!
{
	archiveVersion = 1;
	classes = {
	};
	objectVersion = 56;
	objects = {

/* Begin PBXBuildFile section */
		1A71953C29B1004B00B19F88 /* MyETAApp.swift in Sources */ = {isa = PBXBuildFile; fileRef = 1A71953B29B1004B00B19F88 /* MyETAApp.swift */; };
		1A71953E29B1004B00B19F88 /* ContentView.swift in Sources */ = {isa = PBXBuildFile; fileRef = 1A71953D29B1004B00B19F88 /* ContentView.swift */; };
		1A71954029B1004C00B19F88 /* Assets.xcassets in Resources */ = {isa = PBXBuildFile; fileRef = 1A71953F29B1004C00B19F88 /* Assets.xcassets */; };
		1A71954329B1004C00B19F88 /* Preview Assets.xcassets in Resources */ = {isa = PBXBuildFile; fileRef = 1A71954229B1004C00B19F88 /* Preview Assets.xcassets */; };
		1A71954D29B14FE800B19F88 /* PeopleScreen.swift in Sources */ = {isa = PBXBuildFile; fileRef = 1A71954C29B14FE800B19F88 /* PeopleScreen.swift */; };
		1A71954F29B1500900B19F88 /* PlacesScreen.swift in Sources */ = {isa = PBXBuildFile; fileRef = 1A71954E29B1500900B19F88 /* PlacesScreen.swift */; };
		1A71955129B1502300B19F88 /* SendScreen.swift in Sources */ = {isa = PBXBuildFile; fileRef = 1A71955029B1502300B19F88 /* SendScreen.swift */; };
		1A71955329B150ED00B19F88 /* AppInfo.swift in Sources */ = {isa = PBXBuildFile; fileRef = 1A71955229B150ED00B19F88 /* AppInfo.swift */; };
		1A71955529B1512C00B19F88 /* StringExtension.swift in Sources */ = {isa = PBXBuildFile; fileRef = 1A71955429B1512C00B19F88 /* StringExtension.swift */; };
		1A71955729B1515F00B19F88 /* Info.swift in Sources */ = {isa = PBXBuildFile; fileRef = 1A71955629B1515F00B19F88 /* Info.swift */; };
		1A71955929B1518A00B19F88 /* Log.swift in Sources */ = {isa = PBXBuildFile; fileRef = 1A71955829B1518A00B19F88 /* Log.swift */; };
		1A71955C29B152FA00B19F88 /* Person.swift in Sources */ = {isa = PBXBuildFile; fileRef = 1A71955B29B152FA00B19F88 /* Person.swift */; };
		1A71955E29B1532700B19F88 /* Place.swift in Sources */ = {isa = PBXBuildFile; fileRef = 1A71955D29B1532700B19F88 /* Place.swift */; };
		1A71956129B1569C00B19F88 /* PersonForm.swift in Sources */ = {isa = PBXBuildFile; fileRef = 1A71956029B1569C00B19F88 /* PersonForm.swift */; };
		1A71956529B1607500B19F88 /* PlaceForm.swift in Sources */ = {isa = PBXBuildFile; fileRef = 1A71956429B1607500B19F88 /* PlaceForm.swift */; };
		1A71957129B25B8300B19F88 /* MapService.swift in Sources */ = {isa = PBXBuildFile; fileRef = 1A71957029B25B8300B19F88 /* MapService.swift */; };
		1A71957429B273C500B19F88 /* DateExtension.swift in Sources */ = {isa = PBXBuildFile; fileRef = 1A71957329B273C500B19F88 /* DateExtension.swift */; };
		1A71957829B28BC100B19F88 /* Model.xcdatamodeld in Sources */ = {isa = PBXBuildFile; fileRef = 1A71957629B28BC100B19F88 /* Model.xcdatamodeld */; };
		1A71957A29B2926C00B19F88 /* DataController.swift in Sources */ = {isa = PBXBuildFile; fileRef = 1A71957929B2926C00B19F88 /* DataController.swift */; };
		1A71957C29B2CCF500B19F88 /* Utilities.swift in Sources */ = {isa = PBXBuildFile; fileRef = 1A71957B29B2CCF500B19F88 /* Utilities.swift */; };
		1A83CD0F29B4E28B00FA7FAD /* ErrorViewModel.swift in Sources */ = {isa = PBXBuildFile; fileRef = 1A83CD0E29B4E28B00FA7FAD /* ErrorViewModel.swift */; };
		1A83CD1129B4ED9200FA7FAD /* ViewExtension.swift in Sources */ = {isa = PBXBuildFile; fileRef = 1A83CD1029B4ED9200FA7FAD /* ViewExtension.swift */; };
		1A83CD1629B573E200FA7FAD /* CLLocationCoordinate2D.swift in Sources */ = {isa = PBXBuildFile; fileRef = 1A83CD1529B573E200FA7FAD /* CLLocationCoordinate2D.swift */; };
		1A83CD1829B6481600FA7FAD /* NumbersOnlyViewModifier.swift in Sources */ = {isa = PBXBuildFile; fileRef = 1A83CD1729B6481600FA7FAD /* NumbersOnlyViewModifier.swift */; };
		1A83CD1C29B64FA800FA7FAD /* fastlane in Resources */ = {isa = PBXBuildFile; fileRef = 1A83CD1929B64FA800FA7FAD /* fastlane */; };
		1A83CD1D29B64FA800FA7FAD /* Gemfile in Resources */ = {isa = PBXBuildFile; fileRef = 1A83CD1A29B64FA800FA7FAD /* Gemfile */; };
		1A83CD1E29B64FA800FA7FAD /* Gemfile.lock in Resources */ = {isa = PBXBuildFile; fileRef = 1A83CD1B29B64FA800FA7FAD /* Gemfile.lock */; };
/* End PBXBuildFile section */

/* Begin PBXFileReference section */
		1A71953829B1004B00B19F88 /* MyETA.app */ = {isa = PBXFileReference; explicitFileType = wrapper.application; includeInIndex = 0; path = MyETA.app; sourceTree = BUILT_PRODUCTS_DIR; };
		1A71953B29B1004B00B19F88 /* MyETAApp.swift */ = {isa = PBXFileReference; lastKnownFileType = sourcecode.swift; path = MyETAApp.swift; sourceTree = "<group>"; };
		1A71953D29B1004B00B19F88 /* ContentView.swift */ = {isa = PBXFileReference; lastKnownFileType = sourcecode.swift; path = ContentView.swift; sourceTree = "<group>"; };
		1A71953F29B1004C00B19F88 /* Assets.xcassets */ = {isa = PBXFileReference; lastKnownFileType = folder.assetcatalog; path = Assets.xcassets; sourceTree = "<group>"; };
		1A71954229B1004C00B19F88 /* Preview Assets.xcassets */ = {isa = PBXFileReference; lastKnownFileType = folder.assetcatalog; path = "Preview Assets.xcassets"; sourceTree = "<group>"; };
		1A71954C29B14FE800B19F88 /* PeopleScreen.swift */ = {isa = PBXFileReference; lastKnownFileType = sourcecode.swift; path = PeopleScreen.swift; sourceTree = "<group>"; };
		1A71954E29B1500900B19F88 /* PlacesScreen.swift */ = {isa = PBXFileReference; lastKnownFileType = sourcecode.swift; path = PlacesScreen.swift; sourceTree = "<group>"; };
		1A71955029B1502300B19F88 /* SendScreen.swift */ = {isa = PBXFileReference; lastKnownFileType = sourcecode.swift; path = SendScreen.swift; sourceTree = "<group>"; };
		1A71955229B150ED00B19F88 /* AppInfo.swift */ = {isa = PBXFileReference; lastKnownFileType = sourcecode.swift; path = AppInfo.swift; sourceTree = "<group>"; };
		1A71955429B1512C00B19F88 /* StringExtension.swift */ = {isa = PBXFileReference; lastKnownFileType = sourcecode.swift; path = StringExtension.swift; sourceTree = "<group>"; };
		1A71955629B1515F00B19F88 /* Info.swift */ = {isa = PBXFileReference; lastKnownFileType = sourcecode.swift; path = Info.swift; sourceTree = "<group>"; };
		1A71955829B1518A00B19F88 /* Log.swift */ = {isa = PBXFileReference; lastKnownFileType = sourcecode.swift; path = Log.swift; sourceTree = "<group>"; };
		1A71955B29B152FA00B19F88 /* Person.swift */ = {isa = PBXFileReference; lastKnownFileType = sourcecode.swift; path = Person.swift; sourceTree = "<group>"; };
		1A71955D29B1532700B19F88 /* Place.swift */ = {isa = PBXFileReference; lastKnownFileType = sourcecode.swift; path = Place.swift; sourceTree = "<group>"; };
		1A71955F29B155AE00B19F88 /* Info.plist */ = {isa = PBXFileReference; lastKnownFileType = text.plist; path = Info.plist; sourceTree = "<group>"; };
		1A71956029B1569C00B19F88 /* PersonForm.swift */ = {isa = PBXFileReference; lastKnownFileType = sourcecode.swift; path = PersonForm.swift; sourceTree = "<group>"; };
		1A71956429B1607500B19F88 /* PlaceForm.swift */ = {isa = PBXFileReference; lastKnownFileType = sourcecode.swift; path = PlaceForm.swift; sourceTree = "<group>"; };
		1A71957029B25B8300B19F88 /* MapService.swift */ = {isa = PBXFileReference; lastKnownFileType = sourcecode.swift; path = MapService.swift; sourceTree = "<group>"; };
		1A71957329B273C500B19F88 /* DateExtension.swift */ = {isa = PBXFileReference; lastKnownFileType = sourcecode.swift; path = DateExtension.swift; sourceTree = "<group>"; };
		1A71957729B28BC100B19F88 /* Model.xcdatamodel */ = {isa = PBXFileReference; lastKnownFileType = wrapper.xcdatamodel; path = Model.xcdatamodel; sourceTree = "<group>"; };
		1A71957929B2926C00B19F88 /* DataController.swift */ = {isa = PBXFileReference; lastKnownFileType = sourcecode.swift; path = DataController.swift; sourceTree = "<group>"; };
		1A71957B29B2CCF500B19F88 /* Utilities.swift */ = {isa = PBXFileReference; lastKnownFileType = sourcecode.swift; path = Utilities.swift; sourceTree = "<group>"; };
		1A83CD0E29B4E28B00FA7FAD /* ErrorViewModel.swift */ = {isa = PBXFileReference; lastKnownFileType = sourcecode.swift; path = ErrorViewModel.swift; sourceTree = "<group>"; };
		1A83CD1029B4ED9200FA7FAD /* ViewExtension.swift */ = {isa = PBXFileReference; lastKnownFileType = sourcecode.swift; path = ViewExtension.swift; sourceTree = "<group>"; };
		1A83CD1529B573E200FA7FAD /* CLLocationCoordinate2D.swift */ = {isa = PBXFileReference; lastKnownFileType = sourcecode.swift; path = CLLocationCoordinate2D.swift; sourceTree = "<group>"; };
		1A83CD1729B6481600FA7FAD /* NumbersOnlyViewModifier.swift */ = {isa = PBXFileReference; lastKnownFileType = sourcecode.swift; path = NumbersOnlyViewModifier.swift; sourceTree = "<group>"; };
		1A83CD1929B64FA800FA7FAD /* fastlane */ = {isa = PBXFileReference; lastKnownFileType = folder; path = fastlane; sourceTree = "<group>"; };
		1A83CD1A29B64FA800FA7FAD /* Gemfile */ = {isa = PBXFileReference; fileEncoding = 4; lastKnownFileType = text; path = Gemfile; sourceTree = "<group>"; };
		1A83CD1B29B64FA800FA7FAD /* Gemfile.lock */ = {isa = PBXFileReference; fileEncoding = 4; lastKnownFileType = text; path = Gemfile.lock; sourceTree = "<group>"; };
/* End PBXFileReference section */

/* Begin PBXFrameworksBuildPhase section */
		1A71953529B1004B00B19F88 /* Frameworks */ = {
			isa = PBXFrameworksBuildPhase;
			buildActionMask = 2147483647;
			files = (
			);
			runOnlyForDeploymentPostprocessing = 0;
		};
/* End PBXFrameworksBuildPhase section */

/* Begin PBXGroup section */
		1A71952F29B1004B00B19F88 = {
			isa = PBXGroup;
			children = (
				1A83CD1929B64FA800FA7FAD /* fastlane */,
				1A83CD1A29B64FA800FA7FAD /* Gemfile */,
				1A83CD1B29B64FA800FA7FAD /* Gemfile.lock */,
				1A71953A29B1004B00B19F88 /* MyETA */,
				1A71953929B1004B00B19F88 /* Products */,
			);
			sourceTree = "<group>";
		};
		1A71953929B1004B00B19F88 /* Products */ = {
			isa = PBXGroup;
			children = (
				1A71953829B1004B00B19F88 /* MyETA.app */,
			);
			name = Products;
			sourceTree = "<group>";
		};
		1A71953A29B1004B00B19F88 /* MyETA */ = {
			isa = PBXGroup;
			children = (
				1A71953B29B1004B00B19F88 /* MyETAApp.swift */,
				1A71957B29B2CCF500B19F88 /* Utilities.swift */,
				1A71953F29B1004C00B19F88 /* Assets.xcassets */,
				1A71955F29B155AE00B19F88 /* Info.plist */,
				1A71954B29B14FCE00B19F88 /* Extensions */,
				1A71955A29B152EA00B19F88 /* Models */,
				1A71954929B14FBF00B19F88 /* Screens */,
				1A71957529B2757500B19F88 /* Services */,
				1A83CD1229B56D0000FA7FAD /* ViewModels */,
				1A71954A29B14FC600B19F88 /* Views */,
				1A71954129B1004C00B19F88 /* Preview Content */,
			);
			path = MyETA;
			sourceTree = "<group>";
		};
		1A71954129B1004C00B19F88 /* Preview Content */ = {
			isa = PBXGroup;
			children = (
				1A71954229B1004C00B19F88 /* Preview Assets.xcassets */,
			);
			path = "Preview Content";
			sourceTree = "<group>";
		};
		1A71954929B14FBF00B19F88 /* Screens */ = {
			isa = PBXGroup;
			children = (
				1A71954C29B14FE800B19F88 /* PeopleScreen.swift */,
				1A71954E29B1500900B19F88 /* PlacesScreen.swift */,
				1A71955029B1502300B19F88 /* SendScreen.swift */,
			);
			path = Screens;
			sourceTree = "<group>";
		};
		1A71954A29B14FC600B19F88 /* Views */ = {
			isa = PBXGroup;
			children = (
				1A71953D29B1004B00B19F88 /* ContentView.swift */,
				1A71955629B1515F00B19F88 /* Info.swift */,
				1A83CD1729B6481600FA7FAD /* NumbersOnlyViewModifier.swift */,
				1A71956029B1569C00B19F88 /* PersonForm.swift */,
				1A71956429B1607500B19F88 /* PlaceForm.swift */,
			);
			path = Views;
			sourceTree = "<group>";
		};
		1A71954B29B14FCE00B19F88 /* Extensions */ = {
			isa = PBXGroup;
			children = (
				1A71957329B273C500B19F88 /* DateExtension.swift */,
				1A71955429B1512C00B19F88 /* StringExtension.swift */,
				1A83CD1029B4ED9200FA7FAD /* ViewExtension.swift */,
				1A83CD1529B573E200FA7FAD /* CLLocationCoordinate2D.swift */,
			);
			path = Extensions;
			sourceTree = "<group>";
		};
		1A71955A29B152EA00B19F88 /* Models */ = {
			isa = PBXGroup;
			children = (
				1A71957629B28BC100B19F88 /* Model.xcdatamodeld */,
				1A71955B29B152FA00B19F88 /* Person.swift */,
				1A71955D29B1532700B19F88 /* Place.swift */,
			);
			path = Models;
			sourceTree = "<group>";
		};
		1A71957529B2757500B19F88 /* Services */ = {
			isa = PBXGroup;
			children = (
				1A71955229B150ED00B19F88 /* AppInfo.swift */,
				1A71957029B25B8300B19F88 /* MapService.swift */,
				1A71955829B1518A00B19F88 /* Log.swift */,
				1A71957929B2926C00B19F88 /* DataController.swift */,
			);
			path = Services;
			sourceTree = "<group>";
		};
		1A83CD1229B56D0000FA7FAD /* ViewModels */ = {
			isa = PBXGroup;
			children = (
				1A83CD0E29B4E28B00FA7FAD /* ErrorViewModel.swift */,
			);
			path = ViewModels;
			sourceTree = "<group>";
		};
/* End PBXGroup section */

/* Begin PBXNativeTarget section */
		1A71953729B1004B00B19F88 /* MyETA */ = {
			isa = PBXNativeTarget;
			buildConfigurationList = 1A71954629B1004C00B19F88 /* Build configuration list for PBXNativeTarget "MyETA" */;
			buildPhases = (
				1A71953429B1004B00B19F88 /* Sources */,
				1A71953529B1004B00B19F88 /* Frameworks */,
				1A71953629B1004B00B19F88 /* Resources */,
			);
			buildRules = (
			);
			dependencies = (
			);
			name = MyETA;
			productName = MyETA;
			productReference = 1A71953829B1004B00B19F88 /* MyETA.app */;
			productType = "com.apple.product-type.application";
		};
/* End PBXNativeTarget section */

/* Begin PBXProject section */
		1A71953029B1004B00B19F88 /* Project object */ = {
			isa = PBXProject;
			attributes = {
				BuildIndependentTargetsInParallel = 1;
				LastSwiftUpdateCheck = 1420;
				LastUpgradeCheck = 1420;
				TargetAttributes = {
					1A71953729B1004B00B19F88 = {
						CreatedOnToolsVersion = 14.2;
					};
				};
			};
			buildConfigurationList = 1A71953329B1004B00B19F88 /* Build configuration list for PBXProject "MyETA" */;
			compatibilityVersion = "Xcode 14.0";
			developmentRegion = en;
			hasScannedForEncodings = 0;
			knownRegions = (
				en,
				Base,
			);
			mainGroup = 1A71952F29B1004B00B19F88;
			productRefGroup = 1A71953929B1004B00B19F88 /* Products */;
			projectDirPath = "";
			projectRoot = "";
			targets = (
				1A71953729B1004B00B19F88 /* MyETA */,
			);
		};
/* End PBXProject section */

/* Begin PBXResourcesBuildPhase section */
		1A71953629B1004B00B19F88 /* Resources */ = {
			isa = PBXResourcesBuildPhase;
			buildActionMask = 2147483647;
			files = (
				1A83CD1E29B64FA800FA7FAD /* Gemfile.lock in Resources */,
				1A83CD1D29B64FA800FA7FAD /* Gemfile in Resources */,
				1A83CD1C29B64FA800FA7FAD /* fastlane in Resources */,
				1A71954329B1004C00B19F88 /* Preview Assets.xcassets in Resources */,
				1A71954029B1004C00B19F88 /* Assets.xcassets in Resources */,
			);
			runOnlyForDeploymentPostprocessing = 0;
		};
/* End PBXResourcesBuildPhase section */

/* Begin PBXSourcesBuildPhase section */
		1A71953429B1004B00B19F88 /* Sources */ = {
			isa = PBXSourcesBuildPhase;
			buildActionMask = 2147483647;
			files = (
				1A71955C29B152FA00B19F88 /* Person.swift in Sources */,
				1A71955129B1502300B19F88 /* SendScreen.swift in Sources */,
				1A71956129B1569C00B19F88 /* PersonForm.swift in Sources */,
				1A83CD1629B573E200FA7FAD /* CLLocationCoordinate2D.swift in Sources */,
				1A71955729B1515F00B19F88 /* Info.swift in Sources */,
				1A71957429B273C500B19F88 /* DateExtension.swift in Sources */,
				1A71955929B1518A00B19F88 /* Log.swift in Sources */,
				1A83CD0F29B4E28B00FA7FAD /* ErrorViewModel.swift in Sources */,
				1A83CD1829B6481600FA7FAD /* NumbersOnlyViewModifier.swift in Sources */,
				1A71957C29B2CCF500B19F88 /* Utilities.swift in Sources */,
				1A71955529B1512C00B19F88 /* StringExtension.swift in Sources */,
				1A71957829B28BC100B19F88 /* Model.xcdatamodeld in Sources */,
				1A71953E29B1004B00B19F88 /* ContentView.swift in Sources */,
				1A71954F29B1500900B19F88 /* PlacesScreen.swift in Sources */,
				1A71955329B150ED00B19F88 /* AppInfo.swift in Sources */,
				1A71953C29B1004B00B19F88 /* MyETAApp.swift in Sources */,
				1A83CD1129B4ED9200FA7FAD /* ViewExtension.swift in Sources */,
				1A71957A29B2926C00B19F88 /* DataController.swift in Sources */,
				1A71956529B1607500B19F88 /* PlaceForm.swift in Sources */,
				1A71957129B25B8300B19F88 /* MapService.swift in Sources */,
				1A71955E29B1532700B19F88 /* Place.swift in Sources */,
				1A71954D29B14FE800B19F88 /* PeopleScreen.swift in Sources */,
			);
			runOnlyForDeploymentPostprocessing = 0;
		};
/* End PBXSourcesBuildPhase section */

/* Begin XCBuildConfiguration section */
		1A71954429B1004C00B19F88 /* Debug */ = {
			isa = XCBuildConfiguration;
			buildSettings = {
				ALWAYS_SEARCH_USER_PATHS = NO;
				CLANG_ANALYZER_NONNULL = YES;
				CLANG_ANALYZER_NUMBER_OBJECT_CONVERSION = YES_AGGRESSIVE;
				CLANG_CXX_LANGUAGE_STANDARD = "gnu++20";
				CLANG_ENABLE_MODULES = YES;
				CLANG_ENABLE_OBJC_ARC = YES;
				CLANG_ENABLE_OBJC_WEAK = YES;
				CLANG_WARN_BLOCK_CAPTURE_AUTORELEASING = YES;
				CLANG_WARN_BOOL_CONVERSION = YES;
				CLANG_WARN_COMMA = YES;
				CLANG_WARN_CONSTANT_CONVERSION = YES;
				CLANG_WARN_DEPRECATED_OBJC_IMPLEMENTATIONS = YES;
				CLANG_WARN_DIRECT_OBJC_ISA_USAGE = YES_ERROR;
				CLANG_WARN_DOCUMENTATION_COMMENTS = YES;
				CLANG_WARN_EMPTY_BODY = YES;
				CLANG_WARN_ENUM_CONVERSION = YES;
				CLANG_WARN_INFINITE_RECURSION = YES;
				CLANG_WARN_INT_CONVERSION = YES;
				CLANG_WARN_NON_LITERAL_NULL_CONVERSION = YES;
				CLANG_WARN_OBJC_IMPLICIT_RETAIN_SELF = YES;
				CLANG_WARN_OBJC_LITERAL_CONVERSION = YES;
				CLANG_WARN_OBJC_ROOT_CLASS = YES_ERROR;
				CLANG_WARN_QUOTED_INCLUDE_IN_FRAMEWORK_HEADER = YES;
				CLANG_WARN_RANGE_LOOP_ANALYSIS = YES;
				CLANG_WARN_STRICT_PROTOTYPES = YES;
				CLANG_WARN_SUSPICIOUS_MOVE = YES;
				CLANG_WARN_UNGUARDED_AVAILABILITY = YES_AGGRESSIVE;
				CLANG_WARN_UNREACHABLE_CODE = YES;
				CLANG_WARN__DUPLICATE_METHOD_MATCH = YES;
				COPY_PHASE_STRIP = NO;
				DEBUG_INFORMATION_FORMAT = dwarf;
				ENABLE_STRICT_OBJC_MSGSEND = YES;
				ENABLE_TESTABILITY = YES;
				GCC_C_LANGUAGE_STANDARD = gnu11;
				GCC_DYNAMIC_NO_PIC = NO;
				GCC_NO_COMMON_BLOCKS = YES;
				GCC_OPTIMIZATION_LEVEL = 0;
				GCC_PREPROCESSOR_DEFINITIONS = (
					"DEBUG=1",
					"$(inherited)",
				);
				GCC_WARN_64_TO_32_BIT_CONVERSION = YES;
				GCC_WARN_ABOUT_RETURN_TYPE = YES_ERROR;
				GCC_WARN_UNDECLARED_SELECTOR = YES;
				GCC_WARN_UNINITIALIZED_AUTOS = YES_AGGRESSIVE;
				GCC_WARN_UNUSED_FUNCTION = YES;
				GCC_WARN_UNUSED_VARIABLE = YES;
				IPHONEOS_DEPLOYMENT_TARGET = 16.2;
				MTL_ENABLE_DEBUG_INFO = INCLUDE_SOURCE;
				MTL_FAST_MATH = YES;
				ONLY_ACTIVE_ARCH = YES;
				SDKROOT = iphoneos;
				SWIFT_ACTIVE_COMPILATION_CONDITIONS = DEBUG;
				SWIFT_OPTIMIZATION_LEVEL = "-Onone";
			};
			name = Debug;
		};
		1A71954529B1004C00B19F88 /* Release */ = {
			isa = XCBuildConfiguration;
			buildSettings = {
				ALWAYS_SEARCH_USER_PATHS = NO;
				CLANG_ANALYZER_NONNULL = YES;
				CLANG_ANALYZER_NUMBER_OBJECT_CONVERSION = YES_AGGRESSIVE;
				CLANG_CXX_LANGUAGE_STANDARD = "gnu++20";
				CLANG_ENABLE_MODULES = YES;
				CLANG_ENABLE_OBJC_ARC = YES;
				CLANG_ENABLE_OBJC_WEAK = YES;
				CLANG_WARN_BLOCK_CAPTURE_AUTORELEASING = YES;
				CLANG_WARN_BOOL_CONVERSION = YES;
				CLANG_WARN_COMMA = YES;
				CLANG_WARN_CONSTANT_CONVERSION = YES;
				CLANG_WARN_DEPRECATED_OBJC_IMPLEMENTATIONS = YES;
				CLANG_WARN_DIRECT_OBJC_ISA_USAGE = YES_ERROR;
				CLANG_WARN_DOCUMENTATION_COMMENTS = YES;
				CLANG_WARN_EMPTY_BODY = YES;
				CLANG_WARN_ENUM_CONVERSION = YES;
				CLANG_WARN_INFINITE_RECURSION = YES;
				CLANG_WARN_INT_CONVERSION = YES;
				CLANG_WARN_NON_LITERAL_NULL_CONVERSION = YES;
				CLANG_WARN_OBJC_IMPLICIT_RETAIN_SELF = YES;
				CLANG_WARN_OBJC_LITERAL_CONVERSION = YES;
				CLANG_WARN_OBJC_ROOT_CLASS = YES_ERROR;
				CLANG_WARN_QUOTED_INCLUDE_IN_FRAMEWORK_HEADER = YES;
				CLANG_WARN_RANGE_LOOP_ANALYSIS = YES;
				CLANG_WARN_STRICT_PROTOTYPES = YES;
				CLANG_WARN_SUSPICIOUS_MOVE = YES;
				CLANG_WARN_UNGUARDED_AVAILABILITY = YES_AGGRESSIVE;
				CLANG_WARN_UNREACHABLE_CODE = YES;
				CLANG_WARN__DUPLICATE_METHOD_MATCH = YES;
				COPY_PHASE_STRIP = NO;
				DEBUG_INFORMATION_FORMAT = "dwarf-with-dsym";
				ENABLE_NS_ASSERTIONS = NO;
				ENABLE_STRICT_OBJC_MSGSEND = YES;
				GCC_C_LANGUAGE_STANDARD = gnu11;
				GCC_NO_COMMON_BLOCKS = YES;
				GCC_WARN_64_TO_32_BIT_CONVERSION = YES;
				GCC_WARN_ABOUT_RETURN_TYPE = YES_ERROR;
				GCC_WARN_UNDECLARED_SELECTOR = YES;
				GCC_WARN_UNINITIALIZED_AUTOS = YES_AGGRESSIVE;
				GCC_WARN_UNUSED_FUNCTION = YES;
				GCC_WARN_UNUSED_VARIABLE = YES;
				IPHONEOS_DEPLOYMENT_TARGET = 16.2;
				MTL_ENABLE_DEBUG_INFO = NO;
				MTL_FAST_MATH = YES;
				SDKROOT = iphoneos;
				SWIFT_COMPILATION_MODE = wholemodule;
				SWIFT_OPTIMIZATION_LEVEL = "-O";
				VALIDATE_PRODUCT = YES;
			};
			name = Release;
		};
		1A71954729B1004C00B19F88 /* Debug */ = {
			isa = XCBuildConfiguration;
			buildSettings = {
				ASSETCATALOG_COMPILER_APPICON_NAME = AppIcon;
				ASSETCATALOG_COMPILER_GLOBAL_ACCENT_COLOR_NAME = AccentColor;
				CODE_SIGN_STYLE = Automatic;
				CURRENT_PROJECT_VERSION = 1;
				DEVELOPMENT_ASSET_PATHS = "\"MyETA/Preview Content\"";
				DEVELOPMENT_TEAM = 4BG3523GAZ;
				ENABLE_PREVIEWS = YES;
				GENERATE_INFOPLIST_FILE = YES;
				INFOPLIST_FILE = MyETA/Info.plist;
				INFOPLIST_KEY_NSLocationWhenInUseUsageDescription = "Needed to get current location";
				INFOPLIST_KEY_UIApplicationSupportsIndirectInputEvents = YES;
				INFOPLIST_KEY_UILaunchScreen_Generation = YES;
				INFOPLIST_KEY_UISupportedInterfaceOrientations_iPad = "UIInterfaceOrientationPortrait UIInterfaceOrientationPortraitUpsideDown UIInterfaceOrientationLandscapeLeft UIInterfaceOrientationLandscapeRight";
				INFOPLIST_KEY_UISupportedInterfaceOrientations_iPhone = "UIInterfaceOrientationPortrait UIInterfaceOrientationLandscapeLeft UIInterfaceOrientationLandscapeRight";
				LD_RUNPATH_SEARCH_PATHS = (
					"$(inherited)",
					"@executable_path/Frameworks",
				);
				MARKETING_VERSION = 1.0.0;
				PRODUCT_BUNDLE_IDENTIFIER = r.mark.volkmann.gmail.com.MyETA;
				PRODUCT_NAME = "$(TARGET_NAME)";
				SWIFT_EMIT_LOC_STRINGS = YES;
				SWIFT_VERSION = 5.0;
				TARGETED_DEVICE_FAMILY = "1,2";
			};
			name = Debug;
		};
		1A71954829B1004C00B19F88 /* Release */ = {
			isa = XCBuildConfiguration;
			buildSettings = {
				ASSETCATALOG_COMPILER_APPICON_NAME = AppIcon;
				ASSETCATALOG_COMPILER_GLOBAL_ACCENT_COLOR_NAME = AccentColor;
				CODE_SIGN_STYLE = Automatic;
				CURRENT_PROJECT_VERSION = 1;
				DEVELOPMENT_ASSET_PATHS = "\"MyETA/Preview Content\"";
				DEVELOPMENT_TEAM = 4BG3523GAZ;
				ENABLE_PREVIEWS = YES;
				GENERATE_INFOPLIST_FILE = YES;
				INFOPLIST_FILE = MyETA/Info.plist;
				INFOPLIST_KEY_NSLocationWhenInUseUsageDescription = "Needed to get current location";
				INFOPLIST_KEY_UIApplicationSupportsIndirectInputEvents = YES;
				INFOPLIST_KEY_UILaunchScreen_Generation = YES;
				INFOPLIST_KEY_UISupportedInterfaceOrientations_iPad = "UIInterfaceOrientationPortrait UIInterfaceOrientationPortraitUpsideDown UIInterfaceOrientationLandscapeLeft UIInterfaceOrientationLandscapeRight";
				INFOPLIST_KEY_UISupportedInterfaceOrientations_iPhone = "UIInterfaceOrientationPortrait UIInterfaceOrientationLandscapeLeft UIInterfaceOrientationLandscapeRight";
				LD_RUNPATH_SEARCH_PATHS = (
					"$(inherited)",
					"@executable_path/Frameworks",
				);
				MARKETING_VERSION = 1.0.0;
				PRODUCT_BUNDLE_IDENTIFIER = r.mark.volkmann.gmail.com.MyETA;
				PRODUCT_NAME = "$(TARGET_NAME)";
				SWIFT_EMIT_LOC_STRINGS = YES;
				SWIFT_VERSION = 5.0;
				TARGETED_DEVICE_FAMILY = "1,2";
			};
			name = Release;
		};
/* End XCBuildConfiguration section */

/* Begin XCConfigurationList section */
		1A71953329B1004B00B19F88 /* Build configuration list for PBXProject "MyETA" */ = {
			isa = XCConfigurationList;
			buildConfigurations = (
				1A71954429B1004C00B19F88 /* Debug */,
				1A71954529B1004C00B19F88 /* Release */,
			);
			defaultConfigurationIsVisible = 0;
			defaultConfigurationName = Release;
		};
		1A71954629B1004C00B19F88 /* Build configuration list for PBXNativeTarget "MyETA" */ = {
			isa = XCConfigurationList;
			buildConfigurations = (
				1A71954729B1004C00B19F88 /* Debug */,
				1A71954829B1004C00B19F88 /* Release */,
			);
			defaultConfigurationIsVisible = 0;
			defaultConfigurationName = Release;
		};
/* End XCConfigurationList section */

/* Begin XCVersionGroup section */
		1A71957629B28BC100B19F88 /* Model.xcdatamodeld */ = {
			isa = XCVersionGroup;
			children = (
				1A71957729B28BC100B19F88 /* Model.xcdatamodel */,
			);
			currentVersion = 1A71957729B28BC100B19F88 /* Model.xcdatamodel */;
			path = Model.xcdatamodeld;
			sourceTree = "<group>";
			versionGroupType = wrapper.xcdatamodel;
		};
/* End XCVersionGroup section */
	};
	rootObject = 1A71953029B1004B00B19F88 /* Project object */;
}
